
Microsoft Visual Studio Solution File, Format Version 12.00
# Visual Studio 15
VisualStudioVersion = 15.0.28307.271
MinimumVisualStudioVersion = 10.0.40219.1
Project("{9A19103F-16F7-4668-BE54-9A1E7A4F7556}") = "ProgrammerAl.Site.DynamicContentUpdater", "ProgrammerAl.Site.DynamicContentUpdater\ProgrammerAl.Site.DynamicContentUpdater.csproj", "{DE96532A-2039-4B2B-A253-72CFB9AA181B}"
EndProject
Project("{9A19103F-16F7-4668-BE54-9A1E7A4F7556}") = "Utilities", "..\ProgrammerAl.Site\Utilities\Utilities.csproj", "{522083CA-FCD0-4919-BA22-75FEC87E2984}"
EndProject
Global
	GlobalSection(SolutionConfigurationPlatforms) = preSolution
		Debug|Any CPU = Debug|Any CPU
		Release|Any CPU = Release|Any CPU
	EndGlobalSection
	GlobalSection(ProjectConfigurationPlatforms) = postSolution
		{DE96532A-2039-4B2B-A253-72CFB9AA181B}.Debug|Any CPU.ActiveCfg = Debug|Any CPU
		{DE96532A-2039-4B2B-A253-72CFB9AA181B}.Debug|Any CPU.Build.0 = Debug|Any CPU
		{DE96532A-2039-4B2B-A253-72CFB9AA181B}.Release|Any CPU.ActiveCfg = Release|Any CPU
		{DE96532A-2039-4B2B-A253-72CFB9AA181B}.Release|Any CPU.Build.0 = Release|Any CPU
		{522083CA-FCD0-4919-BA22-75FEC87E2984}.Debug|Any CPU.ActiveCfg = Debug|Any CPU
		{522083CA-FCD0-4919-BA22-75FEC87E2984}.Debug|Any CPU.Build.0 = Debug|Any CPU
		{522083CA-FCD0-4919-BA22-75FEC87E2984}.Release|Any CPU.ActiveCfg = Release|Any CPU
		{522083CA-FCD0-4919-BA22-75FEC87E2984}.Release|Any CPU.Build.0 = Release|Any CPU
	EndGlobalSection
	GlobalSection(SolutionProperties) = preSolution
		HideSolutionNode = FALSE
	EndGlobalSection
	GlobalSection(ExtensibilityGlobals) = postSolution
		SolutionGuid = {9C3A3392-F83E-4414-81F7-D43CC94D9CA9}
	EndGlobalSection
EndGlobal
