
Microsoft Visual Studio Solution File, Format Version 12.00
# Visual Studio 15
VisualStudioVersion = 15.0.28307.168
MinimumVisualStudioVersion = 10.0.40219.1
Project("{9A19103F-16F7-4668-BE54-9A1E7A4F7556}") = "ProgrammerAl.Site", "ProgrammerAl.Site\ProgrammerAl.Site.csproj", "{301DE2F7-C67B-4C75-8729-E590B38CAFA5}"
EndProject
Project("{9A19103F-16F7-4668-BE54-9A1E7A4F7556}") = "Utilities", "Utilities\Utilities.csproj", "{2A03D2A8-4409-4A97-898C-A2DB83C664DF}"
EndProject
Project("{9A19103F-16F7-4668-BE54-9A1E7A4F7556}") = "UnitTests", "UnitTests\UnitTests.csproj", "{52D673C9-6CE0-4B6D-8C06-EB5D796B5D72}"
EndProject
Global
	GlobalSection(SolutionConfigurationPlatforms) = preSolution
		Debug|Any CPU = Debug|Any CPU
		Release|Any CPU = Release|Any CPU
	EndGlobalSection
	GlobalSection(ProjectConfigurationPlatforms) = postSolution
		{301DE2F7-C67B-4C75-8729-E590B38CAFA5}.Debug|Any CPU.ActiveCfg = Debug|Any CPU
		{301DE2F7-C67B-4C75-8729-E590B38CAFA5}.Debug|Any CPU.Build.0 = Debug|Any CPU
		{301DE2F7-C67B-4C75-8729-E590B38CAFA5}.Release|Any CPU.ActiveCfg = Release|Any CPU
		{301DE2F7-C67B-4C75-8729-E590B38CAFA5}.Release|Any CPU.Build.0 = Release|Any CPU
		{2A03D2A8-4409-4A97-898C-A2DB83C664DF}.Debug|Any CPU.ActiveCfg = Debug|Any CPU
		{2A03D2A8-4409-4A97-898C-A2DB83C664DF}.Debug|Any CPU.Build.0 = Debug|Any CPU
		{2A03D2A8-4409-4A97-898C-A2DB83C664DF}.Release|Any CPU.ActiveCfg = Release|Any CPU
		{2A03D2A8-4409-4A97-898C-A2DB83C664DF}.Release|Any CPU.Build.0 = Release|Any CPU
		{52D673C9-6CE0-4B6D-8C06-EB5D796B5D72}.Debug|Any CPU.ActiveCfg = Debug|Any CPU
		{52D673C9-6CE0-4B6D-8C06-EB5D796B5D72}.Debug|Any CPU.Build.0 = Debug|Any CPU
		{52D673C9-6CE0-4B6D-8C06-EB5D796B5D72}.Release|Any CPU.ActiveCfg = Release|Any CPU
		{52D673C9-6CE0-4B6D-8C06-EB5D796B5D72}.Release|Any CPU.Build.0 = Release|Any CPU
	EndGlobalSection
	GlobalSection(SolutionProperties) = preSolution
		HideSolutionNode = FALSE
	EndGlobalSection
	GlobalSection(ExtensibilityGlobals) = postSolution
		SolutionGuid = {AF0BEAAC-5C24-49CD-B1D6-56F223A0D8B3}
	EndGlobalSection
EndGlobal
